<Solution>
  <Folder Name="/tests/">
    <Project Path="tests/ScreenController.Application.Tests/ScreenController.Application.Tests.csproj" />
    <Project Path="tests/ScreenController.Architecture.Tests/ScreenController.Architecture.Tests.csproj" />
    <Project Path="tests/ScreenController.Domain.Tests/ScreenController.Domain.Tests.csproj" />
    <Project Path="tests/ScreenController.Infrastructure.Tests/ScreenController.Infrastructure.Tests.csproj" />
    <Project Path="tests/ScreenController.Presentation.Tests/ScreenController.Presentation.Tests.csproj" />
    <Project Path="tests/ScreenController.Protocol.Tests/ScreenController.Protocol.Tests.csproj" />
  </Folder>
</Solution>
